
Microsoft Visual Studio Solution File, Format Version 12.00
# Visual Studio 2012
Project("{FAE04EC0-301F-11D3-BF4B-00C04F79EFBC}") = "MVCPractice", "MVCPractice\MVCPractice.csproj", "{359D5E0D-9AD6-4402-9824-AE2A9F91E290}"
EndProject
Project("{FAE04EC0-301F-11D3-BF4B-00C04F79EFBC}") = "MVCPractice.Tests", "MVCPractice.Tests\MVCPractice.Tests.csproj", "{AA081733-DF19-44C8-87B7-8EF801C44742}"
EndProject
Global
	GlobalSection(SolutionConfigurationPlatforms) = preSolution
		Debug|Any CPU = Debug|Any CPU
		Release|Any CPU = Release|Any CPU
	EndGlobalSection
	GlobalSection(ProjectConfigurationPlatforms) = postSolution
		{359D5E0D-9AD6-4402-9824-AE2A9F91E290}.Debug|Any CPU.ActiveCfg = Debug|Any CPU
		{359D5E0D-9AD6-4402-9824-AE2A9F91E290}.Debug|Any CPU.Build.0 = Debug|Any CPU
		{359D5E0D-9AD6-4402-9824-AE2A9F91E290}.Release|Any CPU.ActiveCfg = Release|Any CPU
		{359D5E0D-9AD6-4402-9824-AE2A9F91E290}.Release|Any CPU.Build.0 = Release|Any CPU
		{AA081733-DF19-44C8-87B7-8EF801C44742}.Debug|Any CPU.ActiveCfg = Debug|Any CPU
		{AA081733-DF19-44C8-87B7-8EF801C44742}.Debug|Any CPU.Build.0 = Debug|Any CPU
		{AA081733-DF19-44C8-87B7-8EF801C44742}.Release|Any CPU.ActiveCfg = Release|Any CPU
		{AA081733-DF19-44C8-87B7-8EF801C44742}.Release|Any CPU.Build.0 = Release|Any CPU
	EndGlobalSection
	GlobalSection(SolutionProperties) = preSolution
		HideSolutionNode = FALSE
	EndGlobalSection
EndGlobal
